// !$*UTF8*$!
{
	archiveVersion = 1;
	classes = {
	};
	objectVersion = 46;
	objects = {

/* Begin PBXBuildFile section */
		293DB04F1BF5DD5D00CA3691 /* main.m in Sources */ = {isa = PBXBuildFile; fileRef = 293DB04E1BF5DD5D00CA3691 /* main.m */; };
		293DB0521BF5DD5D00CA3691 /* AppDelegate.m in Sources */ = {isa = PBXBuildFile; fileRef = 293DB0511BF5DD5D00CA3691 /* AppDelegate.m */; };
		293DB0551BF5DD5D00CA3691 /* ViewController.m in Sources */ = {isa = PBXBuildFile; fileRef = 293DB0541BF5DD5D00CA3691 /* ViewController.m */; };
/* End PBXBuildFile section */

/* Begin PBXFileReference section */
		293DB04A1BF5DD5D00CA3691 /* TestPod.app */ = {isa = PBXFileReference; explicitFileType = wrapper.application; includeInIndex = 0; path = TestPod.app; sourceTree = BUILT_PRODUCTS_DIR; };
		293DB04E1BF5DD5D00CA3691 /* main.m */ = {isa = PBXFileReference; lastKnownFileType = sourcecode.c.objc; path = main.m; sourceTree = "<group>"; };
		293DB0501BF5DD5D00CA3691 /* AppDelegate.h */ = {isa = PBXFileReference; lastKnownFileType = sourcecode.c.h; path = AppDelegate.h; sourceTree = "<group>"; };
		293DB0511BF5DD5D00CA3691 /* AppDelegate.m */ = {isa = PBXFileReference; lastKnownFileType = sourcecode.c.objc; path = AppDelegate.m; sourceTree = "<group>"; };
		293DB0531BF5DD5D00CA3691 /* ViewController.h */ = {isa = PBXFileReference; lastKnownFileType = sourcecode.c.h; path = ViewController.h; sourceTree = "<group>"; };
		293DB0541BF5DD5D00CA3691 /* ViewController.m */ = {isa = PBXFileReference; lastKnownFileType = sourcecode.c.objc; path = ViewController.m; sourceTree = "<group>"; };
		293DB05E1BF5DD5D00CA3691 /* Info.plist */ = {isa = PBXFileReference; lastKnownFileType = text.plist.xml; path = Info.plist; sourceTree = "<group>"; };
/* End PBXFileReference section */

/* Begin PBXFrameworksBuildPhase section */
		293DB0471BF5DD5D00CA3691 /* Frameworks */ = {
			isa = PBXFrameworksBuildPhase;
			buildActionMask = 2147483647;
			files = (
			);
			runOnlyForDeploymentPostprocessing = 0;
		};
/* End PBXFrameworksBuildPhase section */

/* Begin PBXGroup section */
		293DB0411BF5DD5D00CA3691 = {
			isa = PBXGroup;
			children = (
				293DB04C1BF5DD5D00CA3691 /* TestPod */,
				293DB04B1BF5DD5D00CA3691 /* Products */,
			);
			sourceTree = "<group>";
		};
		293DB04B1BF5DD5D00CA3691 /* Products */ = {
			isa = PBXGroup;
			children = (
				293DB04A1BF5DD5D00CA3691 /* TestPod.app */,
			);
			name = Products;
			sourceTree = "<group>";
		};
		293DB04C1BF5DD5D00CA3691 /* TestPod */ = {
			isa = PBXGroup;
			children = (
				293DB0501BF5DD5D00CA3691 /* AppDelegate.h */,
				293DB0511BF5DD5D00CA3691 /* AppDelegate.m */,
				293DB0531BF5DD5D00CA3691 /* ViewController.h */,
				293DB0541BF5DD5D00CA3691 /* ViewController.m */,
				293DB05E1BF5DD5D00CA3691 /* Info.plist */,
				293DB04D1BF5DD5D00CA3691 /* Supporting Files */,
			);
			path = TestPod;
			sourceTree = "<group>";
		};
		293DB04D1BF5DD5D00CA3691 /* Supporting Files */ = {
			isa = PBXGroup;
			children = (
				293DB04E1BF5DD5D00CA3691 /* main.m */,
			);
			name = "Supporting Files";
			sourceTree = "<group>";
		};
/* End PBXGroup section */

/* Begin PBXNativeTarget section */
		293DB0491BF5DD5D00CA3691 /* TestPod */ = {
			isa = PBXNativeTarget;
			buildConfigurationList = 293DB0611BF5DD5D00CA3691 /* Build configuration list for PBXNativeTarget "TestPod" */;
			buildPhases = (
				293DB0461BF5DD5D00CA3691 /* Sources */,
				293DB0471BF5DD5D00CA3691 /* Frameworks */,
				293DB0481BF5DD5D00CA3691 /* Resources */,
			);
			buildRules = (
			);
			dependencies = (
			);
			name = TestPod;
			productName = TestPod;
			productReference = 293DB04A1BF5DD5D00CA3691 /* TestPod.app */;
			productType = "com.apple.product-type.application";
		};
/* End PBXNativeTarget section */

/* Begin PBXProject section */
		293DB0421BF5DD5D00CA3691 /* Project object */ = {
			isa = PBXProject;
			attributes = {
				LastUpgradeCheck = 0710;
				ORGANIZATIONNAME = "My-Zone";
				TargetAttributes = {
					293DB0491BF5DD5D00CA3691 = {
						CreatedOnToolsVersion = 7.1;
					};
				};
			};
			buildConfigurationList = 293DB0451BF5DD5D00CA3691 /* Build configuration list for PBXProject "TestPod" */;
			compatibilityVersion = "Xcode 3.2";
			developmentRegion = English;
			hasScannedForEncodings = 0;
			knownRegions = (
				en,
				Base,
			);
			mainGroup = 293DB0411BF5DD5D00CA3691;
			productRefGroup = 293DB04B1BF5DD5D00CA3691 /* Products */;
			projectDirPath = "";
			projectRoot = "";
			targets = (
				293DB0491BF5DD5D00CA3691 /* TestPod */,
			);
		};
/* End PBXProject section */

/* Begin PBXResourcesBuildPhase section */
		293DB0481BF5DD5D00CA3691 /* Resources */ = {
			isa = PBXResourcesBuildPhase;
			buildActionMask = 2147483647;
			files = (
			);
			runOnlyForDeploymentPostprocessing = 0;
		};
/* End PBXResourcesBuildPhase section */

/* Begin PBXSourcesBuildPhase section */
		293DB0461BF5DD5D00CA3691 /* Sources */ = {
			isa = PBXSourcesBuildPhase;
			buildActionMask = 2147483647;
			files = (
				293DB0551BF5DD5D00CA3691 /* ViewController.m in Sources */,
				293DB0521BF5DD5D00CA3691 /* AppDelegate.m in Sources */,
				293DB04F1BF5DD5D00CA3691 /* main.m in Sources */,
			);
			runOnlyForDeploymentPostprocessing = 0;
		};
/* End PBXSourcesBuildPhase section */

/* Begin XCBuildConfiguration section */
		293DB05F1BF5DD5D00CA3691 /* Debug */ = {
			isa = XCBuildConfiguration;
			buildSettings = {
				ALWAYS_SEARCH_USER_PATHS = NO;
				CLANG_CXX_LANGUAGE_STANDARD = "gnu++0x";
				CLANG_CXX_LIBRARY = "libc++";
				CLANG_ENABLE_MODULES = YES;
				CLANG_ENABLE_OBJC_ARC = YES;
				CLANG_WARN_BOOL_CONVERSION = YES;
				CLANG_WARN_CONSTANT_CONVERSION = YES;
				CLANG_WARN_DIRECT_OBJC_ISA_USAGE = YES_ERROR;
				CLANG_WARN_EMPTY_BODY = YES;
				CLANG_WARN_ENUM_CONVERSION = YES;
				CLANG_WARN_INT_CONVERSION = YES;
				CLANG_WARN_OBJC_ROOT_CLASS = YES_ERROR;
				CLANG_WARN_UNREACHABLE_CODE = YES;
				CLANG_WARN__DUPLICATE_METHOD_MATCH = YES;
				"CODE_SIGN_IDENTITY[sdk=iphoneos*]" = "iPhone Developer";
				COPY_PHASE_STRIP = NO;
				DEBUG_INFORMATION_FORMAT = dwarf;
				ENABLE_STRICT_OBJC_MSGSEND = YES;
				ENABLE_TESTABILITY = YES;
				GCC_C_LANGUAGE_STANDARD = gnu99;
				GCC_DYNAMIC_NO_PIC = NO;
				GCC_NO_COMMON_BLOCKS = YES;
				GCC_OPTIMIZATION_LEVEL = 0;
				GCC_PREPROCESSOR_DEFINITIONS = (
					"DEBUG=1",
					"$(inherited)",
				);
				GCC_WARN_64_TO_32_BIT_CONVERSION = YES;
				GCC_WARN_ABOUT_RETURN_TYPE = YES_ERROR;
				GCC_WARN_UNDECLARED_SELECTOR = YES;
				GCC_WARN_UNINITIALIZED_AUTOS = YES_AGGRESSIVE;
				GCC_WARN_UNUSED_FUNCTION = YES;
				GCC_WARN_UNUSED_VARIABLE = YES;
				IPHONEOS_DEPLOYMENT_TARGET = 9.1;
				MTL_ENABLE_DEBUG_INFO = YES;
				ONLY_ACTIVE_ARCH = YES;
				SDKROOT = iphoneos;
			};
			name = Debug;
		};
		293DB0601BF5DD5D00CA3691 /* Release */ = {
			isa = XCBuildConfiguration;
			buildSettings = {
				ALWAYS_SEARCH_USER_PATHS = NO;
				CLANG_CXX_LANGUAGE_STANDARD = "gnu++0x";
				CLANG_CXX_LIBRARY = "libc++";
				CLANG_ENABLE_MODULES = YES;
				CLANG_ENABLE_OBJC_ARC = YES;
				CLANG_WARN_BOOL_CONVERSION = YES;
				CLANG_WARN_CONSTANT_CONVERSION = YES;
				CLANG_WARN_DIRECT_OBJC_ISA_USAGE = YES_ERROR;
				CLANG_WARN_EMPTY_BODY = YES;
				CLANG_WARN_ENUM_CONVERSION = YES;
				CLANG_WARN_INT_CONVERSION = YES;
				CLANG_WARN_OBJC_ROOT_CLASS = YES_ERROR;
				CLANG_WARN_UNREACHABLE_CODE = YES;
				CLANG_WARN__DUPLICATE_METHOD_MATCH = YES;
				"CODE_SIGN_IDENTITY[sdk=iphoneos*]" = "iPhone Developer";
				COPY_PHASE_STRIP = NO;
				DEBUG_INFORMATION_FORMAT = "dwarf-with-dsym";
				ENABLE_NS_ASSERTIONS = NO;
				ENABLE_STRICT_OBJC_MSGSEND = YES;
				GCC_C_LANGUAGE_STANDARD = gnu99;
				GCC_NO_COMMON_BLOCKS = YES;
				GCC_WARN_64_TO_32_BIT_CONVERSION = YES;
				GCC_WARN_ABOUT_RETURN_TYPE = YES_ERROR;
				GCC_WARN_UNDECLARED_SELECTOR = YES;
				GCC_WARN_UNINITIALIZED_AUTOS = YES_AGGRESSIVE;
				GCC_WARN_UNUSED_FUNCTION = YES;
				GCC_WARN_UNUSED_VARIABLE = YES;
				IPHONEOS_DEPLOYMENT_TARGET = 9.1;
				MTL_ENABLE_DEBUG_INFO = NO;
				SDKROOT = iphoneos;
				VALIDATE_PRODUCT = YES;
			};
			name = Release;
		};
		293DB0621BF5DD5D00CA3691 /* Debug */ = {
			isa = XCBuildConfiguration;
			buildSettings = {
				ASSETCATALOG_COMPILER_APPICON_NAME = AppIcon;
				INFOPLIST_FILE = TestPod/Info.plist;
				LD_RUNPATH_SEARCH_PATHS = "$(inherited) @executable_path/Frameworks";
				PRODUCT_BUNDLE_IDENTIFIER = com.myzone.TestPod;
				PRODUCT_NAME = "$(TARGET_NAME)";
			};
			name = Debug;
		};
		293DB0631BF5DD5D00CA3691 /* Release */ = {
			isa = XCBuildConfiguration;
			buildSettings = {
				ASSETCATALOG_COMPILER_APPICON_NAME = AppIcon;
				INFOPLIST_FILE = TestPod/Info.plist;
				LD_RUNPATH_SEARCH_PATHS = "$(inherited) @executable_path/Frameworks";
				PRODUCT_BUNDLE_IDENTIFIER = com.myzone.TestPod;
				PRODUCT_NAME = "$(TARGET_NAME)";
			};
			name = Release;
		};
/* End XCBuildConfiguration section */

/* Begin XCConfigurationList section */
		293DB0451BF5DD5D00CA3691 /* Build configuration list for PBXProject "TestPod" */ = {
			isa = XCConfigurationList;
			buildConfigurations = (
				293DB05F1BF5DD5D00CA3691 /* Debug */,
				293DB0601BF5DD5D00CA3691 /* Release */,
			);
			defaultConfigurationIsVisible = 0;
			defaultConfigurationName = Release;
		};
		293DB0611BF5DD5D00CA3691 /* Build configuration list for PBXNativeTarget "TestPod" */ = {
			isa = XCConfigurationList;
			buildConfigurations = (
				293DB0621BF5DD5D00CA3691 /* Debug */,
				293DB0631BF5DD5D00CA3691 /* Release */,
			);
			defaultConfigurationIsVisible = 0;
		};
/* End XCConfigurationList section */
	};
	rootObject = 293DB0421BF5DD5D00CA3691 /* Project object */;
}
